
Microsoft Visual Studio Solution File, Format Version 12.00
# Visual Studio Version 17
VisualStudioVersion = 17.7.34018.315
MinimumVisualStudioVersion = 10.0.40219.1
Project("{2150E333-8FDC-42A3-9474-1A3956D46DE8}") = "Application", "Application", "{1D001B02-860D-4BBE-995D-D9C667B6FE2C}"
EndProject
Project("{2150E333-8FDC-42A3-9474-1A3956D46DE8}") = "Infrastructure", "Infrastructure", "{F4E1BC7E-EB19-42FA-A7FC-584D3FA52C2A}"
EndProject
Project("{2150E333-8FDC-42A3-9474-1A3956D46DE8}") = "Services", "Services", "{A0923373-A323-411A-9C74-05D2DDBE61D9}"
EndProject
Project("{2150E333-8FDC-42A3-9474-1A3956D46DE8}") = "Domain", "Domain", "{67B231A3-7025-4524-8F7F-107B0E0FAB3E}"
EndProject
Project("{2150E333-8FDC-42A3-9474-1A3956D46DE8}") = "Utilities", "Utilities", "{ABBDE06D-2E64-4978-BF32-999A09A2F797}"
EndProject
Project("{9A19103F-16F7-4668-BE54-9A1E7A4F7556}") = "CLINICAL.Domain", "src\CLINICAL.Domain\CLINICAL.Domain.csproj", "{0291B62F-2CDE-4707-B23D-DDC3C942A833}"
EndProject
Project("{9A19103F-16F7-4668-BE54-9A1E7A4F7556}") = "CLINICAL.Infrastucture", "src\CLINICAL.Infrastucture\CLINICAL.Infrastucture.csproj", "{4D12A5B7-17A7-43DA-87CD-064230496EB4}"
EndProject
Project("{9A19103F-16F7-4668-BE54-9A1E7A4F7556}") = "CLINICAL.Persistence", "src\CLINICAL.Persistence\CLINICAL.Persistence.csproj", "{25BF0CCC-3BFF-4A92-B464-C2A945E38B18}"
EndProject
Project("{9A19103F-16F7-4668-BE54-9A1E7A4F7556}") = "CLINICAL.Application.Dtos", "src\CLINICAL.Application.Dtos\CLINICAL.Application.Dtos.csproj", "{70001C5C-F478-4538-B633-2B99D647E086}"
EndProject
Project("{9A19103F-16F7-4668-BE54-9A1E7A4F7556}") = "CLINICAL.Api", "src\CLINICAL.Api\CLINICAL.Api.csproj", "{3E683BE2-A545-4BAB-B1B2-E352C417C029}"
EndProject
Project("{9A19103F-16F7-4668-BE54-9A1E7A4F7556}") = "CLINICAL.Utilities", "src\CLINICAL.Utilities\CLINICAL.Utilities.csproj", "{28EAAE12-7750-4D70-882A-A16DE3DE9814}"
EndProject
Project("{9A19103F-16F7-4668-BE54-9A1E7A4F7556}") = "CLINICAL.Application.Interface", "src\CLINICAL.Application.Interface\CLINICAL.Application.Interface.csproj", "{AADD2DE5-0493-4677-98F7-375B7D72F165}"
EndProject
Project("{9A19103F-16F7-4668-BE54-9A1E7A4F7556}") = "CLINICAL.Application.UseCase", "src\CLINICAL.Application.UseCase\CLINICAL.Application.UseCase.csproj", "{E90AB3CD-ACB5-41B9-868B-3930D3F9EE9C}"
EndProject
Project("{2150E333-8FDC-42A3-9474-1A3956D46DE8}") = "Elementos de la solución", "Elementos de la solución", "{98ACC493-F2F9-45E4-93D9-07C1D44DEB62}"
	ProjectSection(SolutionItems) = preProject
		leer.txt = leer.txt
	EndProjectSection
EndProject
Global
	GlobalSection(SolutionConfigurationPlatforms) = preSolution
		Debug|Any CPU = Debug|Any CPU
		Release|Any CPU = Release|Any CPU
	EndGlobalSection
	GlobalSection(ProjectConfigurationPlatforms) = postSolution
		{0291B62F-2CDE-4707-B23D-DDC3C942A833}.Debug|Any CPU.ActiveCfg = Debug|Any CPU
		{0291B62F-2CDE-4707-B23D-DDC3C942A833}.Debug|Any CPU.Build.0 = Debug|Any CPU
		{0291B62F-2CDE-4707-B23D-DDC3C942A833}.Release|Any CPU.ActiveCfg = Release|Any CPU
		{0291B62F-2CDE-4707-B23D-DDC3C942A833}.Release|Any CPU.Build.0 = Release|Any CPU
		{4D12A5B7-17A7-43DA-87CD-064230496EB4}.Debug|Any CPU.ActiveCfg = Debug|Any CPU
		{4D12A5B7-17A7-43DA-87CD-064230496EB4}.Debug|Any CPU.Build.0 = Debug|Any CPU
		{4D12A5B7-17A7-43DA-87CD-064230496EB4}.Release|Any CPU.ActiveCfg = Release|Any CPU
		{4D12A5B7-17A7-43DA-87CD-064230496EB4}.Release|Any CPU.Build.0 = Release|Any CPU
		{25BF0CCC-3BFF-4A92-B464-C2A945E38B18}.Debug|Any CPU.ActiveCfg = Debug|Any CPU
		{25BF0CCC-3BFF-4A92-B464-C2A945E38B18}.Debug|Any CPU.Build.0 = Debug|Any CPU
		{25BF0CCC-3BFF-4A92-B464-C2A945E38B18}.Release|Any CPU.ActiveCfg = Release|Any CPU
		{25BF0CCC-3BFF-4A92-B464-C2A945E38B18}.Release|Any CPU.Build.0 = Release|Any CPU
		{70001C5C-F478-4538-B633-2B99D647E086}.Debug|Any CPU.ActiveCfg = Debug|Any CPU
		{70001C5C-F478-4538-B633-2B99D647E086}.Debug|Any CPU.Build.0 = Debug|Any CPU
		{70001C5C-F478-4538-B633-2B99D647E086}.Release|Any CPU.ActiveCfg = Release|Any CPU
		{70001C5C-F478-4538-B633-2B99D647E086}.Release|Any CPU.Build.0 = Release|Any CPU
		{3E683BE2-A545-4BAB-B1B2-E352C417C029}.Debug|Any CPU.ActiveCfg = Debug|Any CPU
		{3E683BE2-A545-4BAB-B1B2-E352C417C029}.Debug|Any CPU.Build.0 = Debug|Any CPU
		{3E683BE2-A545-4BAB-B1B2-E352C417C029}.Release|Any CPU.ActiveCfg = Release|Any CPU
		{3E683BE2-A545-4BAB-B1B2-E352C417C029}.Release|Any CPU.Build.0 = Release|Any CPU
		{28EAAE12-7750-4D70-882A-A16DE3DE9814}.Debug|Any CPU.ActiveCfg = Debug|Any CPU
		{28EAAE12-7750-4D70-882A-A16DE3DE9814}.Debug|Any CPU.Build.0 = Debug|Any CPU
		{28EAAE12-7750-4D70-882A-A16DE3DE9814}.Release|Any CPU.ActiveCfg = Release|Any CPU
		{28EAAE12-7750-4D70-882A-A16DE3DE9814}.Release|Any CPU.Build.0 = Release|Any CPU
		{AADD2DE5-0493-4677-98F7-375B7D72F165}.Debug|Any CPU.ActiveCfg = Debug|Any CPU
		{AADD2DE5-0493-4677-98F7-375B7D72F165}.Debug|Any CPU.Build.0 = Debug|Any CPU
		{AADD2DE5-0493-4677-98F7-375B7D72F165}.Release|Any CPU.ActiveCfg = Release|Any CPU
		{AADD2DE5-0493-4677-98F7-375B7D72F165}.Release|Any CPU.Build.0 = Release|Any CPU
		{E90AB3CD-ACB5-41B9-868B-3930D3F9EE9C}.Debug|Any CPU.ActiveCfg = Debug|Any CPU
		{E90AB3CD-ACB5-41B9-868B-3930D3F9EE9C}.Debug|Any CPU.Build.0 = Debug|Any CPU
		{E90AB3CD-ACB5-41B9-868B-3930D3F9EE9C}.Release|Any CPU.ActiveCfg = Release|Any CPU
		{E90AB3CD-ACB5-41B9-868B-3930D3F9EE9C}.Release|Any CPU.Build.0 = Release|Any CPU
	EndGlobalSection
	GlobalSection(SolutionProperties) = preSolution
		HideSolutionNode = FALSE
	EndGlobalSection
	GlobalSection(NestedProjects) = preSolution
		{0291B62F-2CDE-4707-B23D-DDC3C942A833} = {67B231A3-7025-4524-8F7F-107B0E0FAB3E}
		{4D12A5B7-17A7-43DA-87CD-064230496EB4} = {F4E1BC7E-EB19-42FA-A7FC-584D3FA52C2A}
		{25BF0CCC-3BFF-4A92-B464-C2A945E38B18} = {F4E1BC7E-EB19-42FA-A7FC-584D3FA52C2A}
		{70001C5C-F478-4538-B633-2B99D647E086} = {1D001B02-860D-4BBE-995D-D9C667B6FE2C}
		{3E683BE2-A545-4BAB-B1B2-E352C417C029} = {A0923373-A323-411A-9C74-05D2DDBE61D9}
		{28EAAE12-7750-4D70-882A-A16DE3DE9814} = {ABBDE06D-2E64-4978-BF32-999A09A2F797}
		{AADD2DE5-0493-4677-98F7-375B7D72F165} = {1D001B02-860D-4BBE-995D-D9C667B6FE2C}
		{E90AB3CD-ACB5-41B9-868B-3930D3F9EE9C} = {1D001B02-860D-4BBE-995D-D9C667B6FE2C}
	EndGlobalSection
	GlobalSection(ExtensibilityGlobals) = postSolution
		SolutionGuid = {16BBFD90-E064-4CD4-AA5B-6D30737C9EF6}
	EndGlobalSection
EndGlobal
